
Microsoft Visual Studio Solution File, Format Version 12.00
# Visual Studio Version 16
VisualStudioVersion = 16.0.30104.148
MinimumVisualStudioVersion = 10.0.40219.1
Project("{FAE04EC0-301F-11D3-BF4B-00C04F79EFBC}") = "er_jobboard", "er_jobboard\er_jobboard.csproj", "{1FB67264-819D-4D72-ADAA-E4EB75ACD660}"
EndProject
Global
	GlobalSection(SolutionConfigurationPlatforms) = preSolution
		Debug|Any CPU = Debug|Any CPU
		Release|Any CPU = Release|Any CPU
	EndGlobalSection
	GlobalSection(ProjectConfigurationPlatforms) = postSolution
		{1FB67264-819D-4D72-ADAA-E4EB75ACD660}.Debug|Any CPU.ActiveCfg = Debug|Any CPU
		{1FB67264-819D-4D72-ADAA-E4EB75ACD660}.Debug|Any CPU.Build.0 = Debug|Any CPU
		{1FB67264-819D-4D72-ADAA-E4EB75ACD660}.Release|Any CPU.ActiveCfg = Release|Any CPU
		{1FB67264-819D-4D72-ADAA-E4EB75ACD660}.Release|Any CPU.Build.0 = Release|Any CPU
	EndGlobalSection
	GlobalSection(SolutionProperties) = preSolution
		HideSolutionNode = FALSE
	EndGlobalSection
	GlobalSection(ExtensibilityGlobals) = postSolution
		SolutionGuid = {EEBA6C97-B8A8-4150-ADD2-CC221831EAF0}
	EndGlobalSection
EndGlobal
